// !$*UTF8*$!
{
	archiveVersion = 1;
	classes = {
	};
	objectVersion = 48;
	objects = {

/* Begin PBXBuildFile section */
		BE9EB8461FE5BADE000EBEE8 /* MapKit.framework in Frameworks */ = {isa = PBXBuildFile; fileRef = BE9EB8451FE5BADE000EBEE8 /* MapKit.framework */; };
		BE9EB8481FE5C492000EBEE8 /* MKLocation.swift in Sources */ = {isa = PBXBuildFile; fileRef = BE9EB8471FE5C492000EBEE8 /* MKLocation.swift */; };
		BED6BC2D1FE5A93A00DECAE7 /* AppDelegate.swift in Sources */ = {isa = PBXBuildFile; fileRef = BED6BC2C1FE5A93A00DECAE7 /* AppDelegate.swift */; };
		BED6BC2F1FE5A93A00DECAE7 /* ListViewController.swift in Sources */ = {isa = PBXBuildFile; fileRef = BED6BC2E1FE5A93A00DECAE7 /* ListViewController.swift */; };
		BED6BC321FE5A93A00DECAE7 /* Main.storyboard in Resources */ = {isa = PBXBuildFile; fileRef = BED6BC301FE5A93A00DECAE7 /* Main.storyboard */; };
		BED6BC341FE5A93A00DECAE7 /* Assets.xcassets in Resources */ = {isa = PBXBuildFile; fileRef = BED6BC331FE5A93A00DECAE7 /* Assets.xcassets */; };
		BED6BC371FE5A93A00DECAE7 /* LaunchScreen.storyboard in Resources */ = {isa = PBXBuildFile; fileRef = BED6BC351FE5A93A00DECAE7 /* LaunchScreen.storyboard */; };
		BED6BC411FE5AEF000DECAE7 /* MapViewController.swift in Sources */ = {isa = PBXBuildFile; fileRef = BED6BC401FE5AEF000DECAE7 /* MapViewController.swift */; };
		BED6BC431FE5B04000DECAE7 /* Location.swift in Sources */ = {isa = PBXBuildFile; fileRef = BED6BC421FE5B04000DECAE7 /* Location.swift */; };
		BED6BC451FE5B4ED00DECAE7 /* LocationTableViewCell.swift in Sources */ = {isa = PBXBuildFile; fileRef = BED6BC441FE5B4ED00DECAE7 /* LocationTableViewCell.swift */; };
		F70A6179EDEB86FD2BEB6035 /* Pods_map.framework in Frameworks */ = {isa = PBXBuildFile; fileRef = B6738A9BB608F3DE40F17CA1 /* Pods_map.framework */; };
/* End PBXBuildFile section */

/* Begin PBXFileReference section */
		02670AFBD5F64A320A79B4A7 /* Pods-map.debug.xcconfig */ = {isa = PBXFileReference; includeInIndex = 1; lastKnownFileType = text.xcconfig; name = "Pods-map.debug.xcconfig"; path = "Pods/Target Support Files/Pods-map/Pods-map.debug.xcconfig"; sourceTree = "<group>"; };
		B6738A9BB608F3DE40F17CA1 /* Pods_map.framework */ = {isa = PBXFileReference; explicitFileType = wrapper.framework; includeInIndex = 0; path = Pods_map.framework; sourceTree = BUILT_PRODUCTS_DIR; };
		BE9EB8451FE5BADE000EBEE8 /* MapKit.framework */ = {isa = PBXFileReference; lastKnownFileType = wrapper.framework; name = MapKit.framework; path = System/Library/Frameworks/MapKit.framework; sourceTree = SDKROOT; };
		BE9EB8471FE5C492000EBEE8 /* MKLocation.swift */ = {isa = PBXFileReference; lastKnownFileType = sourcecode.swift; path = MKLocation.swift; sourceTree = "<group>"; };
		BED6BC291FE5A93A00DECAE7 /* map.app */ = {isa = PBXFileReference; explicitFileType = wrapper.application; includeInIndex = 0; path = map.app; sourceTree = BUILT_PRODUCTS_DIR; };
		BED6BC2C1FE5A93A00DECAE7 /* AppDelegate.swift */ = {isa = PBXFileReference; lastKnownFileType = sourcecode.swift; path = AppDelegate.swift; sourceTree = "<group>"; };
		BED6BC2E1FE5A93A00DECAE7 /* ListViewController.swift */ = {isa = PBXFileReference; lastKnownFileType = sourcecode.swift; path = ListViewController.swift; sourceTree = "<group>"; };
		BED6BC311FE5A93A00DECAE7 /* Base */ = {isa = PBXFileReference; lastKnownFileType = file.storyboard; name = Base; path = Base.lproj/Main.storyboard; sourceTree = "<group>"; };
		BED6BC331FE5A93A00DECAE7 /* Assets.xcassets */ = {isa = PBXFileReference; lastKnownFileType = folder.assetcatalog; path = Assets.xcassets; sourceTree = "<group>"; };
		BED6BC361FE5A93A00DECAE7 /* Base */ = {isa = PBXFileReference; lastKnownFileType = file.storyboard; name = Base; path = Base.lproj/LaunchScreen.storyboard; sourceTree = "<group>"; };
		BED6BC381FE5A93A00DECAE7 /* Info.plist */ = {isa = PBXFileReference; lastKnownFileType = text.plist.xml; path = Info.plist; sourceTree = "<group>"; };
		BED6BC401FE5AEF000DECAE7 /* MapViewController.swift */ = {isa = PBXFileReference; lastKnownFileType = sourcecode.swift; path = MapViewController.swift; sourceTree = "<group>"; };
		BED6BC421FE5B04000DECAE7 /* Location.swift */ = {isa = PBXFileReference; lastKnownFileType = sourcecode.swift; path = Location.swift; sourceTree = "<group>"; };
		BED6BC441FE5B4ED00DECAE7 /* LocationTableViewCell.swift */ = {isa = PBXFileReference; lastKnownFileType = sourcecode.swift; path = LocationTableViewCell.swift; sourceTree = "<group>"; };
		F0F191AEEBCB4A62E4A01B7F /* Pods-map.release.xcconfig */ = {isa = PBXFileReference; includeInIndex = 1; lastKnownFileType = text.xcconfig; name = "Pods-map.release.xcconfig"; path = "Pods/Target Support Files/Pods-map/Pods-map.release.xcconfig"; sourceTree = "<group>"; };
/* End PBXFileReference section */

/* Begin PBXFrameworksBuildPhase section */
		BED6BC261FE5A93A00DECAE7 /* Frameworks */ = {
			isa = PBXFrameworksBuildPhase;
			buildActionMask = 2147483647;
			files = (
				BE9EB8461FE5BADE000EBEE8 /* MapKit.framework in Frameworks */,
				F70A6179EDEB86FD2BEB6035 /* Pods_map.framework in Frameworks */,
			);
			runOnlyForDeploymentPostprocessing = 0;
		};
/* End PBXFrameworksBuildPhase section */

/* Begin PBXGroup section */
		8359C30B7D22800E27996D57 /* Frameworks */ = {
			isa = PBXGroup;
			children = (
				BE9EB8451FE5BADE000EBEE8 /* MapKit.framework */,
				B6738A9BB608F3DE40F17CA1 /* Pods_map.framework */,
			);
			name = Frameworks;
			sourceTree = "<group>";
		};
		B5FC92946E52A8E695F4A4F4 /* Pods */ = {
			isa = PBXGroup;
			children = (
				02670AFBD5F64A320A79B4A7 /* Pods-map.debug.xcconfig */,
				F0F191AEEBCB4A62E4A01B7F /* Pods-map.release.xcconfig */,
			);
			name = Pods;
			sourceTree = "<group>";
		};
		BED6BC201FE5A93A00DECAE7 = {
			isa = PBXGroup;
			children = (
				BED6BC2B1FE5A93A00DECAE7 /* map */,
				BED6BC2A1FE5A93A00DECAE7 /* Products */,
				B5FC92946E52A8E695F4A4F4 /* Pods */,
				8359C30B7D22800E27996D57 /* Frameworks */,
			);
			sourceTree = "<group>";
		};
		BED6BC2A1FE5A93A00DECAE7 /* Products */ = {
			isa = PBXGroup;
			children = (
				BED6BC291FE5A93A00DECAE7 /* map.app */,
			);
			name = Products;
			sourceTree = "<group>";
		};
		BED6BC2B1FE5A93A00DECAE7 /* map */ = {
			isa = PBXGroup;
			children = (
				BED6BC2C1FE5A93A00DECAE7 /* AppDelegate.swift */,
				BED6BC421FE5B04000DECAE7 /* Location.swift */,
				BE9EB8471FE5C492000EBEE8 /* MKLocation.swift */,
				BED6BC2E1FE5A93A00DECAE7 /* ListViewController.swift */,
				BED6BC401FE5AEF000DECAE7 /* MapViewController.swift */,
				BED6BC301FE5A93A00DECAE7 /* Main.storyboard */,
				BED6BC441FE5B4ED00DECAE7 /* LocationTableViewCell.swift */,
				BED6BC331FE5A93A00DECAE7 /* Assets.xcassets */,
				BED6BC351FE5A93A00DECAE7 /* LaunchScreen.storyboard */,
				BED6BC381FE5A93A00DECAE7 /* Info.plist */,
			);
			path = map;
			sourceTree = "<group>";
		};
/* End PBXGroup section */

/* Begin PBXNativeTarget section */
		BED6BC281FE5A93A00DECAE7 /* map */ = {
			isa = PBXNativeTarget;
			buildConfigurationList = BED6BC3B1FE5A93A00DECAE7 /* Build configuration list for PBXNativeTarget "map" */;
			buildPhases = (
				C731286305950B904CF15480 /* [CP] Check Pods Manifest.lock */,
				BED6BC251FE5A93A00DECAE7 /* Sources */,
				BED6BC261FE5A93A00DECAE7 /* Frameworks */,
				BED6BC271FE5A93A00DECAE7 /* Resources */,
				40AE7EC15F3377BA7AE7B6D5 /* [CP] Embed Pods Frameworks */,
				5B72D8424F6FCA97EE903380 /* [CP] Copy Pods Resources */,
			);
			buildRules = (
			);
			dependencies = (
			);
			name = map;
			productName = map;
			productReference = BED6BC291FE5A93A00DECAE7 /* map.app */;
			productType = "com.apple.product-type.application";
		};
/* End PBXNativeTarget section */

/* Begin PBXProject section */
		BED6BC211FE5A93A00DECAE7 /* Project object */ = {
			isa = PBXProject;
			attributes = {
				LastSwiftUpdateCheck = 0920;
				LastUpgradeCheck = 0920;
				ORGANIZATIONNAME = shellCom;
				TargetAttributes = {
					BED6BC281FE5A93A00DECAE7 = {
						CreatedOnToolsVersion = 9.2;
						ProvisioningStyle = Automatic;
					};
				};
			};
			buildConfigurationList = BED6BC241FE5A93A00DECAE7 /* Build configuration list for PBXProject "map" */;
			compatibilityVersion = "Xcode 8.0";
			developmentRegion = en;
			hasScannedForEncodings = 0;
			knownRegions = (
				en,
				Base,
			);
			mainGroup = BED6BC201FE5A93A00DECAE7;
			productRefGroup = BED6BC2A1FE5A93A00DECAE7 /* Products */;
			projectDirPath = "";
			projectRoot = "";
			targets = (
				BED6BC281FE5A93A00DECAE7 /* map */,
			);
		};
/* End PBXProject section */

/* Begin PBXResourcesBuildPhase section */
		BED6BC271FE5A93A00DECAE7 /* Resources */ = {
			isa = PBXResourcesBuildPhase;
			buildActionMask = 2147483647;
			files = (
				BED6BC371FE5A93A00DECAE7 /* LaunchScreen.storyboard in Resources */,
				BED6BC341FE5A93A00DECAE7 /* Assets.xcassets in Resources */,
				BED6BC321FE5A93A00DECAE7 /* Main.storyboard in Resources */,
			);
			runOnlyForDeploymentPostprocessing = 0;
		};
/* End PBXResourcesBuildPhase section */

/* Begin PBXShellScriptBuildPhase section */
		40AE7EC15F3377BA7AE7B6D5 /* [CP] Embed Pods Frameworks */ = {
			isa = PBXShellScriptBuildPhase;
			buildActionMask = 2147483647;
			files = (
			);
			inputPaths = (
				"${SRCROOT}/Pods/Target Support Files/Pods-map/Pods-map-frameworks.sh",
				"${BUILT_PRODUCTS_DIR}/Alamofire/Alamofire.framework",
				"${BUILT_PRODUCTS_DIR}/SwiftyJSON/SwiftyJSON.framework",
			);
			name = "[CP] Embed Pods Frameworks";
			outputPaths = (
				"${TARGET_BUILD_DIR}/${FRAMEWORKS_FOLDER_PATH}/Alamofire.framework",
				"${TARGET_BUILD_DIR}/${FRAMEWORKS_FOLDER_PATH}/SwiftyJSON.framework",
			);
			runOnlyForDeploymentPostprocessing = 0;
			shellPath = /bin/sh;
			shellScript = "\"${SRCROOT}/Pods/Target Support Files/Pods-map/Pods-map-frameworks.sh\"\n";
			showEnvVarsInLog = 0;
		};
		5B72D8424F6FCA97EE903380 /* [CP] Copy Pods Resources */ = {
			isa = PBXShellScriptBuildPhase;
			buildActionMask = 2147483647;
			files = (
			);
			inputPaths = (
				"${SRCROOT}/Pods/Target Support Files/Pods-map/Pods-map-resources.sh",
				"${PODS_ROOT}/GoogleMaps/Maps/Frameworks/GoogleMaps.framework/Versions/A/Resources/GoogleMaps.bundle",
				"${PODS_ROOT}/GooglePlaces/Frameworks/GooglePlaces.framework/Versions/A/Resources/GooglePlaces.bundle",
			);
			name = "[CP] Copy Pods Resources";
			outputPaths = (
				"${TARGET_BUILD_DIR}/${UNLOCALIZED_RESOURCES_FOLDER_PATH}",
			);
			runOnlyForDeploymentPostprocessing = 0;
			shellPath = /bin/sh;
			shellScript = "\"${SRCROOT}/Pods/Target Support Files/Pods-map/Pods-map-resources.sh\"\n";
			showEnvVarsInLog = 0;
		};
		C731286305950B904CF15480 /* [CP] Check Pods Manifest.lock */ = {
			isa = PBXShellScriptBuildPhase;
			buildActionMask = 2147483647;
			files = (
			);
			inputPaths = (
				"${PODS_PODFILE_DIR_PATH}/Podfile.lock",
				"${PODS_ROOT}/Manifest.lock",
			);
			name = "[CP] Check Pods Manifest.lock";
			outputPaths = (
				"$(DERIVED_FILE_DIR)/Pods-map-checkManifestLockResult.txt",
			);
			runOnlyForDeploymentPostprocessing = 0;
			shellPath = /bin/sh;
			shellScript = "diff \"${PODS_PODFILE_DIR_PATH}/Podfile.lock\" \"${PODS_ROOT}/Manifest.lock\" > /dev/null\nif [ $? != 0 ] ; then\n    # print error to STDERR\n    echo \"error: The sandbox is not in sync with the Podfile.lock. Run 'pod install' or update your CocoaPods installation.\" >&2\n    exit 1\nfi\n# This output is used by Xcode 'outputs' to avoid re-running this script phase.\necho \"SUCCESS\" > \"${SCRIPT_OUTPUT_FILE_0}\"\n";
			showEnvVarsInLog = 0;
		};
/* End PBXShellScriptBuildPhase section */

/* Begin PBXSourcesBuildPhase section */
		BED6BC251FE5A93A00DECAE7 /* Sources */ = {
			isa = PBXSourcesBuildPhase;
			buildActionMask = 2147483647;
			files = (
				BED6BC2F1FE5A93A00DECAE7 /* ListViewController.swift in Sources */,
				BED6BC451FE5B4ED00DECAE7 /* LocationTableViewCell.swift in Sources */,
				BED6BC411FE5AEF000DECAE7 /* MapViewController.swift in Sources */,
				BED6BC431FE5B04000DECAE7 /* Location.swift in Sources */,
				BE9EB8481FE5C492000EBEE8 /* MKLocation.swift in Sources */,
				BED6BC2D1FE5A93A00DECAE7 /* AppDelegate.swift in Sources */,
			);
			runOnlyForDeploymentPostprocessing = 0;
		};
/* End PBXSourcesBuildPhase section */

/* Begin PBXVariantGroup section */
		BED6BC301FE5A93A00DECAE7 /* Main.storyboard */ = {
			isa = PBXVariantGroup;
			children = (
				BED6BC311FE5A93A00DECAE7 /* Base */,
			);
			name = Main.storyboard;
			sourceTree = "<group>";
		};
		BED6BC351FE5A93A00DECAE7 /* LaunchScreen.storyboard */ = {
			isa = PBXVariantGroup;
			children = (
				BED6BC361FE5A93A00DECAE7 /* Base */,
			);
			name = LaunchScreen.storyboard;
			sourceTree = "<group>";
		};
/* End PBXVariantGroup section */

/* Begin XCBuildConfiguration section */
		BED6BC391FE5A93A00DECAE7 /* Debug */ = {
			isa = XCBuildConfiguration;
			buildSettings = {
				ALWAYS_SEARCH_USER_PATHS = NO;
				CLANG_ANALYZER_NONNULL = YES;
				CLANG_ANALYZER_NUMBER_OBJECT_CONVERSION = YES_AGGRESSIVE;
				CLANG_CXX_LANGUAGE_STANDARD = "gnu++14";
				CLANG_CXX_LIBRARY = "libc++";
				CLANG_ENABLE_MODULES = YES;
				CLANG_ENABLE_OBJC_ARC = YES;
				CLANG_WARN_BLOCK_CAPTURE_AUTORELEASING = YES;
				CLANG_WARN_BOOL_CONVERSION = YES;
				CLANG_WARN_COMMA = YES;
				CLANG_WARN_CONSTANT_CONVERSION = YES;
				CLANG_WARN_DIRECT_OBJC_ISA_USAGE = YES_ERROR;
				CLANG_WARN_DOCUMENTATION_COMMENTS = YES;
				CLANG_WARN_EMPTY_BODY = YES;
				CLANG_WARN_ENUM_CONVERSION = YES;
				CLANG_WARN_INFINITE_RECURSION = YES;
				CLANG_WARN_INT_CONVERSION = YES;
				CLANG_WARN_NON_LITERAL_NULL_CONVERSION = YES;
				CLANG_WARN_OBJC_LITERAL_CONVERSION = YES;
				CLANG_WARN_OBJC_ROOT_CLASS = YES_ERROR;
				CLANG_WARN_RANGE_LOOP_ANALYSIS = YES;
				CLANG_WARN_STRICT_PROTOTYPES = YES;
				CLANG_WARN_SUSPICIOUS_MOVE = YES;
				CLANG_WARN_UNGUARDED_AVAILABILITY = YES_AGGRESSIVE;
				CLANG_WARN_UNREACHABLE_CODE = YES;
				CLANG_WARN__DUPLICATE_METHOD_MATCH = YES;
				CODE_SIGN_IDENTITY = "iPhone Developer";
				COPY_PHASE_STRIP = NO;
				DEBUG_INFORMATION_FORMAT = dwarf;
				ENABLE_STRICT_OBJC_MSGSEND = YES;
				ENABLE_TESTABILITY = YES;
				GCC_C_LANGUAGE_STANDARD = gnu11;
				GCC_DYNAMIC_NO_PIC = NO;
				GCC_NO_COMMON_BLOCKS = YES;
				GCC_OPTIMIZATION_LEVEL = 0;
				GCC_PREPROCESSOR_DEFINITIONS = (
					"DEBUG=1",
					"$(inherited)",
				);
				GCC_WARN_64_TO_32_BIT_CONVERSION = YES;
				GCC_WARN_ABOUT_RETURN_TYPE = YES_ERROR;
				GCC_WARN_UNDECLARED_SELECTOR = YES;
				GCC_WARN_UNINITIALIZED_AUTOS = YES_AGGRESSIVE;
				GCC_WARN_UNUSED_FUNCTION = YES;
				GCC_WARN_UNUSED_VARIABLE = YES;
				IPHONEOS_DEPLOYMENT_TARGET = 11.2;
				MTL_ENABLE_DEBUG_INFO = YES;
				ONLY_ACTIVE_ARCH = YES;
				SDKROOT = iphoneos;
				SWIFT_ACTIVE_COMPILATION_CONDITIONS = DEBUG;
				SWIFT_OPTIMIZATION_LEVEL = "-Onone";
			};
			name = Debug;
		};
		BED6BC3A1FE5A93A00DECAE7 /* Release */ = {
			isa = XCBuildConfiguration;
			buildSettings = {
				ALWAYS_SEARCH_USER_PATHS = NO;
				CLANG_ANALYZER_NONNULL = YES;
				CLANG_ANALYZER_NUMBER_OBJECT_CONVERSION = YES_AGGRESSIVE;
				CLANG_CXX_LANGUAGE_STANDARD = "gnu++14";
				CLANG_CXX_LIBRARY = "libc++";
				CLANG_ENABLE_MODULES = YES;
				CLANG_ENABLE_OBJC_ARC = YES;
				CLANG_WARN_BLOCK_CAPTURE_AUTORELEASING = YES;
				CLANG_WARN_BOOL_CONVERSION = YES;
				CLANG_WARN_COMMA = YES;
				CLANG_WARN_CONSTANT_CONVERSION = YES;
				CLANG_WARN_DIRECT_OBJC_ISA_USAGE = YES_ERROR;
				CLANG_WARN_DOCUMENTATION_COMMENTS = YES;
				CLANG_WARN_EMPTY_BODY = YES;
				CLANG_WARN_ENUM_CONVERSION = YES;
				CLANG_WARN_INFINITE_RECURSION = YES;
				CLANG_WARN_INT_CONVERSION = YES;
				CLANG_WARN_NON_LITERAL_NULL_CONVERSION = YES;
				CLANG_WARN_OBJC_LITERAL_CONVERSION = YES;
				CLANG_WARN_OBJC_ROOT_CLASS = YES_ERROR;
				CLANG_WARN_RANGE_LOOP_ANALYSIS = YES;
				CLANG_WARN_STRICT_PROTOTYPES = YES;
				CLANG_WARN_SUSPICIOUS_MOVE = YES;
				CLANG_WARN_UNGUARDED_AVAILABILITY = YES_AGGRESSIVE;
				CLANG_WARN_UNREACHABLE_CODE = YES;
				CLANG_WARN__DUPLICATE_METHOD_MATCH = YES;
				CODE_SIGN_IDENTITY = "iPhone Developer";
				COPY_PHASE_STRIP = NO;
				DEBUG_INFORMATION_FORMAT = "dwarf-with-dsym";
				ENABLE_NS_ASSERTIONS = NO;
				ENABLE_STRICT_OBJC_MSGSEND = YES;
				GCC_C_LANGUAGE_STANDARD = gnu11;
				GCC_NO_COMMON_BLOCKS = YES;
				GCC_WARN_64_TO_32_BIT_CONVERSION = YES;
				GCC_WARN_ABOUT_RETURN_TYPE = YES_ERROR;
				GCC_WARN_UNDECLARED_SELECTOR = YES;
				GCC_WARN_UNINITIALIZED_AUTOS = YES_AGGRESSIVE;
				GCC_WARN_UNUSED_FUNCTION = YES;
				GCC_WARN_UNUSED_VARIABLE = YES;
				IPHONEOS_DEPLOYMENT_TARGET = 11.2;
				MTL_ENABLE_DEBUG_INFO = NO;
				SDKROOT = iphoneos;
				SWIFT_OPTIMIZATION_LEVEL = "-Owholemodule";
				VALIDATE_PRODUCT = YES;
			};
			name = Release;
		};
		BED6BC3C1FE5A93A00DECAE7 /* Debug */ = {
			isa = XCBuildConfiguration;
			baseConfigurationReference = 02670AFBD5F64A320A79B4A7 /* Pods-map.debug.xcconfig */;
			buildSettings = {
				ASSETCATALOG_COMPILER_APPICON_NAME = AppIcon;
				CODE_SIGN_STYLE = Automatic;
				DEVELOPMENT_TEAM = C7LDH88756;
				INFOPLIST_FILE = map/Info.plist;
				LD_RUNPATH_SEARCH_PATHS = "$(inherited) @executable_path/Frameworks";
				PRODUCT_BUNDLE_IDENTIFIER = tommytexter.map;
				PRODUCT_NAME = "$(TARGET_NAME)";
				SWIFT_VERSION = 4.0;
				TARGETED_DEVICE_FAMILY = "1,2";
			};
			name = Debug;
		};
		BED6BC3D1FE5A93A00DECAE7 /* Release */ = {
			isa = XCBuildConfiguration;
			baseConfigurationReference = F0F191AEEBCB4A62E4A01B7F /* Pods-map.release.xcconfig */;
			buildSettings = {
				ASSETCATALOG_COMPILER_APPICON_NAME = AppIcon;
				CODE_SIGN_STYLE = Automatic;
				DEVELOPMENT_TEAM = C7LDH88756;
				INFOPLIST_FILE = map/Info.plist;
				LD_RUNPATH_SEARCH_PATHS = "$(inherited) @executable_path/Frameworks";
				PRODUCT_BUNDLE_IDENTIFIER = tommytexter.map;
				PRODUCT_NAME = "$(TARGET_NAME)";
				SWIFT_VERSION = 4.0;
				TARGETED_DEVICE_FAMILY = "1,2";
			};
			name = Release;
		};
/* End XCBuildConfiguration section */

/* Begin XCConfigurationList section */
		BED6BC241FE5A93A00DECAE7 /* Build configuration list for PBXProject "map" */ = {
			isa = XCConfigurationList;
			buildConfigurations = (
				BED6BC391FE5A93A00DECAE7 /* Debug */,
				BED6BC3A1FE5A93A00DECAE7 /* Release */,
			);
			defaultConfigurationIsVisible = 0;
			defaultConfigurationName = Release;
		};
		BED6BC3B1FE5A93A00DECAE7 /* Build configuration list for PBXNativeTarget "map" */ = {
			isa = XCConfigurationList;
			buildConfigurations = (
				BED6BC3C1FE5A93A00DECAE7 /* Debug */,
				BED6BC3D1FE5A93A00DECAE7 /* Release */,
			);
			defaultConfigurationIsVisible = 0;
			defaultConfigurationName = Release;
		};
/* End XCConfigurationList section */
	};
	rootObject = BED6BC211FE5A93A00DECAE7 /* Project object */;
}
